# generated by rye
# use `rye lock` or `rye sync` to update this lockfile
#
# last locked with the following flags:
#   pre: false
#   features: []
#   all-features: false

-e file:.
automata-lib==8.1.0
cached-method==0.1.0
coloraide==2.11
frozendict==2.3.8
networkx==3.2
pygraphviz==1.11
typing-extensions==4.8.0
